
Microsoft Visual Studio Solution File, Format Version 12.00
# Visual Studio Version 17
VisualStudioVersion = 17.1.32104.313
MinimumVisualStudioVersion = 10.0.40219.1
Project("{FAE04EC0-301F-11D3-BF4B-00C04F79EFBC}") = "kepc2", "kepc2.csproj", "{911FD718-9F32-4170-8C66-598B05EC753D}"
EndProject
Global
	GlobalSection(SolutionConfigurationPlatforms) = preSolution
		Debug|Any CPU = Debug|Any CPU
		Release|Any CPU = Release|Any CPU
	EndGlobalSection
	GlobalSection(ProjectConfigurationPlatforms) = postSolution
		{911FD718-9F32-4170-8C66-598B05EC753D}.Debug|Any CPU.ActiveCfg = Debug|Any CPU
		{911FD718-9F32-4170-8C66-598B05EC753D}.Debug|Any CPU.Build.0 = Debug|Any CPU
		{911FD718-9F32-4170-8C66-598B05EC753D}.Release|Any CPU.ActiveCfg = Release|Any CPU
		{911FD718-9F32-4170-8C66-598B05EC753D}.Release|Any CPU.Build.0 = Release|Any CPU
	EndGlobalSection
	GlobalSection(SolutionProperties) = preSolution
		HideSolutionNode = FALSE
	EndGlobalSection
	GlobalSection(ExtensibilityGlobals) = postSolution
		SolutionGuid = {FA7772C8-2D31-4477-8FB6-C9E54ADD3C0D}
	EndGlobalSection
EndGlobal
